
Microsoft Visual Studio Solution File, Format Version 12.00
# Visual Studio 15
VisualStudioVersion = 15.0.28307.168
MinimumVisualStudioVersion = 10.0.40219.1
Project("{FAE04EC0-301F-11D3-BF4B-00C04F79EFBC}") = "Geolocation.API", "Geolocation.API\Geolocation.API.csproj", "{3C264D70-1B7B-4134-8E58-1BF2581DDF31}"
EndProject
Project("{FAE04EC0-301F-11D3-BF4B-00C04F79EFBC}") = "Geolocation.Model", "Geolocation.Model\Geolocation.Model.csproj", "{814E28F6-79D0-4D26-93A7-5B094746DCEC}"
EndProject
Project("{FAE04EC0-301F-11D3-BF4B-00C04F79EFBC}") = "Geolocation.Services", "Geolocation.Services\Geolocation.Services.csproj", "{2AC8EBA4-AA55-4524-9D56-04C7696697C7}"
EndProject
Project("{FAE04EC0-301F-11D3-BF4B-00C04F79EFBC}") = "Geolocation.Services.Interfaces", "Geolocation.Services.Interfaces\Geolocation.Services.Interfaces.csproj", "{E51FE6AD-7580-4AC4-8E6B-C9B5D06D4882}"
EndProject
Project("{FAE04EC0-301F-11D3-BF4B-00C04F79EFBC}") = "Geolocation.Tests", "Geolocation.Tests\Geolocation.Tests.csproj", "{576ECAE9-39C7-4C94-9C71-21BD63D555D9}"
EndProject
Project("{FAE04EC0-301F-11D3-BF4B-00C04F79EFBC}") = "Geolocation.ControllerModels", "Geolocation.ControllerModels\Geolocation.ControllerModels.csproj", "{B514CDC5-8C08-41F1-AB38-D91BE182D716}"
EndProject
Global
	GlobalSection(SolutionConfigurationPlatforms) = preSolution
		Debug|Any CPU = Debug|Any CPU
		Release|Any CPU = Release|Any CPU
	EndGlobalSection
	GlobalSection(ProjectConfigurationPlatforms) = postSolution
		{3C264D70-1B7B-4134-8E58-1BF2581DDF31}.Debug|Any CPU.ActiveCfg = Debug|Any CPU
		{3C264D70-1B7B-4134-8E58-1BF2581DDF31}.Debug|Any CPU.Build.0 = Debug|Any CPU
		{3C264D70-1B7B-4134-8E58-1BF2581DDF31}.Release|Any CPU.ActiveCfg = Release|Any CPU
		{3C264D70-1B7B-4134-8E58-1BF2581DDF31}.Release|Any CPU.Build.0 = Release|Any CPU
		{814E28F6-79D0-4D26-93A7-5B094746DCEC}.Debug|Any CPU.ActiveCfg = Debug|Any CPU
		{814E28F6-79D0-4D26-93A7-5B094746DCEC}.Debug|Any CPU.Build.0 = Debug|Any CPU
		{814E28F6-79D0-4D26-93A7-5B094746DCEC}.Release|Any CPU.ActiveCfg = Release|Any CPU
		{814E28F6-79D0-4D26-93A7-5B094746DCEC}.Release|Any CPU.Build.0 = Release|Any CPU
		{2AC8EBA4-AA55-4524-9D56-04C7696697C7}.Debug|Any CPU.ActiveCfg = Debug|Any CPU
		{2AC8EBA4-AA55-4524-9D56-04C7696697C7}.Debug|Any CPU.Build.0 = Debug|Any CPU
		{2AC8EBA4-AA55-4524-9D56-04C7696697C7}.Release|Any CPU.ActiveCfg = Release|Any CPU
		{2AC8EBA4-AA55-4524-9D56-04C7696697C7}.Release|Any CPU.Build.0 = Release|Any CPU
		{E51FE6AD-7580-4AC4-8E6B-C9B5D06D4882}.Debug|Any CPU.ActiveCfg = Debug|Any CPU
		{E51FE6AD-7580-4AC4-8E6B-C9B5D06D4882}.Debug|Any CPU.Build.0 = Debug|Any CPU
		{E51FE6AD-7580-4AC4-8E6B-C9B5D06D4882}.Release|Any CPU.ActiveCfg = Release|Any CPU
		{E51FE6AD-7580-4AC4-8E6B-C9B5D06D4882}.Release|Any CPU.Build.0 = Release|Any CPU
		{576ECAE9-39C7-4C94-9C71-21BD63D555D9}.Debug|Any CPU.ActiveCfg = Debug|Any CPU
		{576ECAE9-39C7-4C94-9C71-21BD63D555D9}.Debug|Any CPU.Build.0 = Debug|Any CPU
		{576ECAE9-39C7-4C94-9C71-21BD63D555D9}.Release|Any CPU.ActiveCfg = Release|Any CPU
		{576ECAE9-39C7-4C94-9C71-21BD63D555D9}.Release|Any CPU.Build.0 = Release|Any CPU
		{B514CDC5-8C08-41F1-AB38-D91BE182D716}.Debug|Any CPU.ActiveCfg = Debug|Any CPU
		{B514CDC5-8C08-41F1-AB38-D91BE182D716}.Debug|Any CPU.Build.0 = Debug|Any CPU
		{B514CDC5-8C08-41F1-AB38-D91BE182D716}.Release|Any CPU.ActiveCfg = Release|Any CPU
		{B514CDC5-8C08-41F1-AB38-D91BE182D716}.Release|Any CPU.Build.0 = Release|Any CPU
	EndGlobalSection
	GlobalSection(SolutionProperties) = preSolution
		HideSolutionNode = FALSE
	EndGlobalSection
	GlobalSection(ExtensibilityGlobals) = postSolution
		SolutionGuid = {4C1FB9FA-727A-4C8F-AC34-4FA1CE3F8DB7}
	EndGlobalSection
EndGlobal
